
Microsoft Visual Studio Solution File, Format Version 12.00
# Visual Studio 15
VisualStudioVersion = 15.0.26730.10
MinimumVisualStudioVersion = 10.0.40219.1
Project("{9A19103F-16F7-4668-BE54-9A1E7A4F7556}") = "ExploringMars.Tests", "ExploringMars.Tests\ExploringMars.Tests.csproj", "{9A6E831A-6DCB-498D-A5E7-F1BC08883B68}"
EndProject
Project("{9A19103F-16F7-4668-BE54-9A1E7A4F7556}") = "ExploringMars.App", "ExploringMars.App\ExploringMars.App.csproj", "{97D12229-6A71-406B-9BE0-CD9D5EAD16FB}"
EndProject
Global
	GlobalSection(SolutionConfigurationPlatforms) = preSolution
		Debug|Any CPU = Debug|Any CPU
		Release|Any CPU = Release|Any CPU
	EndGlobalSection
	GlobalSection(ProjectConfigurationPlatforms) = postSolution
		{9A6E831A-6DCB-498D-A5E7-F1BC08883B68}.Debug|Any CPU.ActiveCfg = Debug|Any CPU
		{9A6E831A-6DCB-498D-A5E7-F1BC08883B68}.Debug|Any CPU.Build.0 = Debug|Any CPU
		{9A6E831A-6DCB-498D-A5E7-F1BC08883B68}.Release|Any CPU.ActiveCfg = Release|Any CPU
		{9A6E831A-6DCB-498D-A5E7-F1BC08883B68}.Release|Any CPU.Build.0 = Release|Any CPU
		{97D12229-6A71-406B-9BE0-CD9D5EAD16FB}.Debug|Any CPU.ActiveCfg = Debug|Any CPU
		{97D12229-6A71-406B-9BE0-CD9D5EAD16FB}.Debug|Any CPU.Build.0 = Debug|Any CPU
		{97D12229-6A71-406B-9BE0-CD9D5EAD16FB}.Release|Any CPU.ActiveCfg = Release|Any CPU
		{97D12229-6A71-406B-9BE0-CD9D5EAD16FB}.Release|Any CPU.Build.0 = Release|Any CPU
	EndGlobalSection
	GlobalSection(SolutionProperties) = preSolution
		HideSolutionNode = FALSE
	EndGlobalSection
	GlobalSection(ExtensibilityGlobals) = postSolution
		SolutionGuid = {D8641896-6FB7-42A0-86C3-7913D26ADB18}
	EndGlobalSection
EndGlobal
